// !$*UTF8*$!
{
	archiveVersion = 1;
	classes = {
	};
	objectVersion = 50;
	objects = {

/* Begin PBXBuildFile section */
		1BA1B87F96BE63128B28B32E /* libPods-FBhelper.a in Frameworks */ = {isa = PBXBuildFile; fileRef = D201FA260BB2866FCD35BE2C /* libPods-FBhelper.a */; };
		1C1CAAA420F5AEBD0058FE7D /* LiveViewController.swift in Sources */ = {isa = PBXBuildFile; fileRef = 1C1CAAA220F5AEBD0058FE7D /* LiveViewController.swift */; };
		1C1CAAA520F5AEBD0058FE7D /* LiveViewController.xib in Resources */ = {isa = PBXBuildFile; fileRef = 1C1CAAA320F5AEBD0058FE7D /* LiveViewController.xib */; };
		1C1CAAA920F5D0540058FE7D /* FBLiveAPI.swift in Sources */ = {isa = PBXBuildFile; fileRef = 1C1CAAA820F5D0540058FE7D /* FBLiveAPI.swift */; };
		1C26ED7A20FDC33800EA7AD2 /* FBCommentUser.swift in Sources */ = {isa = PBXBuildFile; fileRef = 1C26ED7720FDC33700EA7AD2 /* FBCommentUser.swift */; };
		1C26ED7B20FDC33800EA7AD2 /* FBComment.swift in Sources */ = {isa = PBXBuildFile; fileRef = 1C26ED7820FDC33700EA7AD2 /* FBComment.swift */; };
		1C26ED7C20FDC33800EA7AD2 /* FBCommentSwiftBase.swift in Sources */ = {isa = PBXBuildFile; fileRef = 1C26ED7920FDC33700EA7AD2 /* FBCommentSwiftBase.swift */; };
		1C26ED8220FDD57C00EA7AD2 /* FBLiveTableViewCell.swift in Sources */ = {isa = PBXBuildFile; fileRef = 1C26ED8020FDD57C00EA7AD2 /* FBLiveTableViewCell.swift */; };
		1C26ED8320FDD57C00EA7AD2 /* FBLiveTableViewCell.xib in Resources */ = {isa = PBXBuildFile; fileRef = 1C26ED8120FDD57C00EA7AD2 /* FBLiveTableViewCell.xib */; };
		1C26ED8620FEE0BB00EA7AD2 /* ChatViewController.swift in Sources */ = {isa = PBXBuildFile; fileRef = 1C26ED8420FEE0BB00EA7AD2 /* ChatViewController.swift */; };
		1C26ED8720FEE0BB00EA7AD2 /* ChatViewController.xib in Resources */ = {isa = PBXBuildFile; fileRef = 1C26ED8520FEE0BB00EA7AD2 /* ChatViewController.xib */; };
		1C26ED8A20FF105300EA7AD2 /* CommentObject.swift in Sources */ = {isa = PBXBuildFile; fileRef = 1C26ED8920FF105300EA7AD2 /* CommentObject.swift */; };
		1C26ED8D20FF296A00EA7AD2 /* TestScoketCommentTableViewCell.swift in Sources */ = {isa = PBXBuildFile; fileRef = 1C26ED8B20FF296A00EA7AD2 /* TestScoketCommentTableViewCell.swift */; };
		1C26ED8E20FF296A00EA7AD2 /* TestScoketCommentTableViewCell.xib in Resources */ = {isa = PBXBuildFile; fileRef = 1C26ED8C20FF296A00EA7AD2 /* TestScoketCommentTableViewCell.xib */; };
		1C4D230D20F73BF400FCBFC5 /* testMark.png in Resources */ = {isa = PBXBuildFile; fileRef = 1C4D230C20F73BF400FCBFC5 /* testMark.png */; };
		1C896E7620F343D400130DAA /* AppDelegate.swift in Sources */ = {isa = PBXBuildFile; fileRef = 1C896E7520F343D400130DAA /* AppDelegate.swift */; };
		1C896E7D20F343D500130DAA /* Assets.xcassets in Resources */ = {isa = PBXBuildFile; fileRef = 1C896E7C20F343D500130DAA /* Assets.xcassets */; };
		1C896E8020F343D500130DAA /* LaunchScreen.storyboard in Resources */ = {isa = PBXBuildFile; fileRef = 1C896E7E20F343D500130DAA /* LaunchScreen.storyboard */; };
		1C896E8B20F343D500130DAA /* FBhelperTests.swift in Sources */ = {isa = PBXBuildFile; fileRef = 1C896E8A20F343D500130DAA /* FBhelperTests.swift */; };
		1C896E9620F343D500130DAA /* FBhelperUITests.swift in Sources */ = {isa = PBXBuildFile; fileRef = 1C896E9520F343D500130DAA /* FBhelperUITests.swift */; };
		1C896EA720F3441500130DAA /* FBSDKCoreKit.framework in Frameworks */ = {isa = PBXBuildFile; fileRef = 1C896EA420F3441400130DAA /* FBSDKCoreKit.framework */; };
		1C896EA820F3441500130DAA /* FBSDKLoginKit.framework in Frameworks */ = {isa = PBXBuildFile; fileRef = 1C896EA520F3441500130DAA /* FBSDKLoginKit.framework */; };
		1C896EA920F3441500130DAA /* Bolts.framework in Frameworks */ = {isa = PBXBuildFile; fileRef = 1C896EA620F3441500130DAA /* Bolts.framework */; };
		1C896EAE20F3447A00130DAA /* LoginViewController.swift in Sources */ = {isa = PBXBuildFile; fileRef = 1C896EAC20F3447A00130DAA /* LoginViewController.swift */; };
		1C896EAF20F3447A00130DAA /* LoginViewController.xib in Resources */ = {isa = PBXBuildFile; fileRef = 1C896EAD20F3447A00130DAA /* LoginViewController.xib */; };
/* End PBXBuildFile section */

/* Begin PBXContainerItemProxy section */
		1C896E8720F343D500130DAA /* PBXContainerItemProxy */ = {
			isa = PBXContainerItemProxy;
			containerPortal = 1C896E6A20F343D400130DAA /* Project object */;
			proxyType = 1;
			remoteGlobalIDString = 1C896E7120F343D400130DAA;
			remoteInfo = FBhelper;
		};
		1C896E9220F343D500130DAA /* PBXContainerItemProxy */ = {
			isa = PBXContainerItemProxy;
			containerPortal = 1C896E6A20F343D400130DAA /* Project object */;
			proxyType = 1;
			remoteGlobalIDString = 1C896E7120F343D400130DAA;
			remoteInfo = FBhelper;
		};
/* End PBXContainerItemProxy section */

/* Begin PBXFileReference section */
		1C1CAAA220F5AEBD0058FE7D /* LiveViewController.swift */ = {isa = PBXFileReference; lastKnownFileType = sourcecode.swift; path = LiveViewController.swift; sourceTree = "<group>"; };
		1C1CAAA320F5AEBD0058FE7D /* LiveViewController.xib */ = {isa = PBXFileReference; lastKnownFileType = file.xib; path = LiveViewController.xib; sourceTree = "<group>"; };
		1C1CAAA820F5D0540058FE7D /* FBLiveAPI.swift */ = {isa = PBXFileReference; fileEncoding = 4; lastKnownFileType = sourcecode.swift; path = FBLiveAPI.swift; sourceTree = "<group>"; };
		1C26ED7720FDC33700EA7AD2 /* FBCommentUser.swift */ = {isa = PBXFileReference; fileEncoding = 4; lastKnownFileType = sourcecode.swift; path = FBCommentUser.swift; sourceTree = "<group>"; };
		1C26ED7820FDC33700EA7AD2 /* FBComment.swift */ = {isa = PBXFileReference; fileEncoding = 4; lastKnownFileType = sourcecode.swift; path = FBComment.swift; sourceTree = "<group>"; };
		1C26ED7920FDC33700EA7AD2 /* FBCommentSwiftBase.swift */ = {isa = PBXFileReference; fileEncoding = 4; lastKnownFileType = sourcecode.swift; path = FBCommentSwiftBase.swift; sourceTree = "<group>"; };
		1C26ED8020FDD57C00EA7AD2 /* FBLiveTableViewCell.swift */ = {isa = PBXFileReference; lastKnownFileType = sourcecode.swift; path = FBLiveTableViewCell.swift; sourceTree = "<group>"; };
		1C26ED8120FDD57C00EA7AD2 /* FBLiveTableViewCell.xib */ = {isa = PBXFileReference; lastKnownFileType = file.xib; path = FBLiveTableViewCell.xib; sourceTree = "<group>"; };
		1C26ED8420FEE0BB00EA7AD2 /* ChatViewController.swift */ = {isa = PBXFileReference; lastKnownFileType = sourcecode.swift; path = ChatViewController.swift; sourceTree = "<group>"; };
		1C26ED8520FEE0BB00EA7AD2 /* ChatViewController.xib */ = {isa = PBXFileReference; lastKnownFileType = file.xib; path = ChatViewController.xib; sourceTree = "<group>"; };
		1C26ED8920FF105300EA7AD2 /* CommentObject.swift */ = {isa = PBXFileReference; lastKnownFileType = sourcecode.swift; path = CommentObject.swift; sourceTree = "<group>"; };
		1C26ED8B20FF296A00EA7AD2 /* TestScoketCommentTableViewCell.swift */ = {isa = PBXFileReference; lastKnownFileType = sourcecode.swift; path = TestScoketCommentTableViewCell.swift; sourceTree = "<group>"; };
		1C26ED8C20FF296A00EA7AD2 /* TestScoketCommentTableViewCell.xib */ = {isa = PBXFileReference; lastKnownFileType = file.xib; path = TestScoketCommentTableViewCell.xib; sourceTree = "<group>"; };
		1C4D230C20F73BF400FCBFC5 /* testMark.png */ = {isa = PBXFileReference; lastKnownFileType = image.png; path = testMark.png; sourceTree = "<group>"; };
		1C896E7220F343D400130DAA /* FBhelper.app */ = {isa = PBXFileReference; explicitFileType = wrapper.application; includeInIndex = 0; path = FBhelper.app; sourceTree = BUILT_PRODUCTS_DIR; };
		1C896E7520F343D400130DAA /* AppDelegate.swift */ = {isa = PBXFileReference; lastKnownFileType = sourcecode.swift; path = AppDelegate.swift; sourceTree = "<group>"; };
		1C896E7C20F343D500130DAA /* Assets.xcassets */ = {isa = PBXFileReference; lastKnownFileType = folder.assetcatalog; path = Assets.xcassets; sourceTree = "<group>"; };
		1C896E7F20F343D500130DAA /* Base */ = {isa = PBXFileReference; lastKnownFileType = file.storyboard; name = Base; path = Base.lproj/LaunchScreen.storyboard; sourceTree = "<group>"; };
		1C896E8120F343D500130DAA /* Info.plist */ = {isa = PBXFileReference; lastKnownFileType = text.plist.xml; path = Info.plist; sourceTree = "<group>"; };
		1C896E8620F343D500130DAA /* FBhelperTests.xctest */ = {isa = PBXFileReference; explicitFileType = wrapper.cfbundle; includeInIndex = 0; path = FBhelperTests.xctest; sourceTree = BUILT_PRODUCTS_DIR; };
		1C896E8A20F343D500130DAA /* FBhelperTests.swift */ = {isa = PBXFileReference; lastKnownFileType = sourcecode.swift; path = FBhelperTests.swift; sourceTree = "<group>"; };
		1C896E8C20F343D500130DAA /* Info.plist */ = {isa = PBXFileReference; lastKnownFileType = text.plist.xml; path = Info.plist; sourceTree = "<group>"; };
		1C896E9120F343D500130DAA /* FBhelperUITests.xctest */ = {isa = PBXFileReference; explicitFileType = wrapper.cfbundle; includeInIndex = 0; path = FBhelperUITests.xctest; sourceTree = BUILT_PRODUCTS_DIR; };
		1C896E9520F343D500130DAA /* FBhelperUITests.swift */ = {isa = PBXFileReference; lastKnownFileType = sourcecode.swift; path = FBhelperUITests.swift; sourceTree = "<group>"; };
		1C896E9720F343D500130DAA /* Info.plist */ = {isa = PBXFileReference; lastKnownFileType = text.plist.xml; path = Info.plist; sourceTree = "<group>"; };
		1C896EA420F3441400130DAA /* FBSDKCoreKit.framework */ = {isa = PBXFileReference; lastKnownFileType = wrapper.framework; path = FBSDKCoreKit.framework; sourceTree = "<group>"; };
		1C896EA520F3441500130DAA /* FBSDKLoginKit.framework */ = {isa = PBXFileReference; lastKnownFileType = wrapper.framework; path = FBSDKLoginKit.framework; sourceTree = "<group>"; };
		1C896EA620F3441500130DAA /* Bolts.framework */ = {isa = PBXFileReference; lastKnownFileType = wrapper.framework; path = Bolts.framework; sourceTree = "<group>"; };
		1C896EAC20F3447A00130DAA /* LoginViewController.swift */ = {isa = PBXFileReference; fileEncoding = 4; lastKnownFileType = sourcecode.swift; path = LoginViewController.swift; sourceTree = "<group>"; };
		1C896EAD20F3447A00130DAA /* LoginViewController.xib */ = {isa = PBXFileReference; fileEncoding = 4; lastKnownFileType = file.xib; path = LoginViewController.xib; sourceTree = "<group>"; };
		1CE9005720F5FC500082D3B9 /* FBhelper-Bridging-Header.h */ = {isa = PBXFileReference; lastKnownFileType = sourcecode.c.h; path = "FBhelper-Bridging-Header.h"; sourceTree = "<group>"; };
		481422170C71D9B16418D9DF /* Pods-FBhelper.release.xcconfig */ = {isa = PBXFileReference; includeInIndex = 1; lastKnownFileType = text.xcconfig; name = "Pods-FBhelper.release.xcconfig"; path = "Pods/Target Support Files/Pods-FBhelper/Pods-FBhelper.release.xcconfig"; sourceTree = "<group>"; };
		A21A0FBADDDD577D9B0DF4AA /* Pods-FBhelper.debug.xcconfig */ = {isa = PBXFileReference; includeInIndex = 1; lastKnownFileType = text.xcconfig; name = "Pods-FBhelper.debug.xcconfig"; path = "Pods/Target Support Files/Pods-FBhelper/Pods-FBhelper.debug.xcconfig"; sourceTree = "<group>"; };
		D201FA260BB2866FCD35BE2C /* libPods-FBhelper.a */ = {isa = PBXFileReference; explicitFileType = archive.ar; includeInIndex = 0; path = "libPods-FBhelper.a"; sourceTree = BUILT_PRODUCTS_DIR; };
/* End PBXFileReference section */

/* Begin PBXFrameworksBuildPhase section */
		1C896E6F20F343D400130DAA /* Frameworks */ = {
			isa = PBXFrameworksBuildPhase;
			buildActionMask = 2147483647;
			files = (
				1C896EA920F3441500130DAA /* Bolts.framework in Frameworks */,
				1C896EA820F3441500130DAA /* FBSDKLoginKit.framework in Frameworks */,
				1C896EA720F3441500130DAA /* FBSDKCoreKit.framework in Frameworks */,
				1BA1B87F96BE63128B28B32E /* libPods-FBhelper.a in Frameworks */,
			);
			runOnlyForDeploymentPostprocessing = 0;
		};
		1C896E8320F343D500130DAA /* Frameworks */ = {
			isa = PBXFrameworksBuildPhase;
			buildActionMask = 2147483647;
			files = (
			);
			runOnlyForDeploymentPostprocessing = 0;
		};
		1C896E8E20F343D500130DAA /* Frameworks */ = {
			isa = PBXFrameworksBuildPhase;
			buildActionMask = 2147483647;
			files = (
			);
			runOnlyForDeploymentPostprocessing = 0;
		};
/* End PBXFrameworksBuildPhase section */

/* Begin PBXGroup section */
		1C1CAAA120F5A37A0058FE7D /* LiveViewController */ = {
			isa = PBXGroup;
			children = (
				1C1CAAA220F5AEBD0058FE7D /* LiveViewController.swift */,
				1C1CAAA320F5AEBD0058FE7D /* LiveViewController.xib */,
			);
			path = LiveViewController;
			sourceTree = "<group>";
		};
		1C1CAAA620F5D0380058FE7D /* Libs */ = {
			isa = PBXGroup;
			children = (
				1C1CAAA720F5D04B0058FE7D /* FBLiveAPI */,
			);
			path = Libs;
			sourceTree = "<group>";
		};
		1C1CAAA720F5D04B0058FE7D /* FBLiveAPI */ = {
			isa = PBXGroup;
			children = (
				1C1CAAA820F5D0540058FE7D /* FBLiveAPI.swift */,
			);
			path = FBLiveAPI;
			sourceTree = "<group>";
		};
		1C26ED7520FDC2D800EA7AD2 /* Model */ = {
			isa = PBXGroup;
			children = (
				1C26ED7620FDC2E600EA7AD2 /* FBLive */,
			);
			path = Model;
			sourceTree = "<group>";
		};
		1C26ED7620FDC2E600EA7AD2 /* FBLive */ = {
			isa = PBXGroup;
			children = (
				1C26ED7820FDC33700EA7AD2 /* FBComment.swift */,
				1C26ED7720FDC33700EA7AD2 /* FBCommentUser.swift */,
				1C26ED7920FDC33700EA7AD2 /* FBCommentSwiftBase.swift */,
				1C26ED8920FF105300EA7AD2 /* CommentObject.swift */,
			);
			path = FBLive;
			sourceTree = "<group>";
		};
		1C26ED7D20FDD3BD00EA7AD2 /* View */ = {
			isa = PBXGroup;
			children = (
				1C26ED7E20FDD3C600EA7AD2 /* Cell */,
			);
			path = View;
			sourceTree = "<group>";
		};
		1C26ED7E20FDD3C600EA7AD2 /* Cell */ = {
			isa = PBXGroup;
			children = (
				1C26ED7F20FDD55F00EA7AD2 /* FBLive */,
			);
			path = Cell;
			sourceTree = "<group>";
		};
		1C26ED7F20FDD55F00EA7AD2 /* FBLive */ = {
			isa = PBXGroup;
			children = (
				1C26ED8020FDD57C00EA7AD2 /* FBLiveTableViewCell.swift */,
				1C26ED8120FDD57C00EA7AD2 /* FBLiveTableViewCell.xib */,
				1C26ED8B20FF296A00EA7AD2 /* TestScoketCommentTableViewCell.swift */,
				1C26ED8C20FF296A00EA7AD2 /* TestScoketCommentTableViewCell.xib */,
			);
			path = FBLive;
			sourceTree = "<group>";
		};
		1C26ED8820FEE16B00EA7AD2 /* API */ = {
			isa = PBXGroup;
			children = (
			);
			path = API;
			sourceTree = "<group>";
		};
		1C4D230B20F73BE500FCBFC5 /* Resources */ = {
			isa = PBXGroup;
			children = (
				1C4D230C20F73BF400FCBFC5 /* testMark.png */,
			);
			path = Resources;
			sourceTree = "<group>";
		};
		1C896E6920F343D400130DAA = {
			isa = PBXGroup;
			children = (
				1C896E7420F343D400130DAA /* FBhelper */,
				1C896E8920F343D500130DAA /* FBhelperTests */,
				1C896E9420F343D500130DAA /* FBhelperUITests */,
				1C896E7320F343D400130DAA /* Products */,
				E7EF0D3CD218D310F0A1C7F4 /* Pods */,
				2914C3E1CE457D40E84C81C5 /* Frameworks */,
			);
			sourceTree = "<group>";
		};
		1C896E7320F343D400130DAA /* Products */ = {
			isa = PBXGroup;
			children = (
				1C896E7220F343D400130DAA /* FBhelper.app */,
				1C896E8620F343D500130DAA /* FBhelperTests.xctest */,
				1C896E9120F343D500130DAA /* FBhelperUITests.xctest */,
			);
			name = Products;
			sourceTree = "<group>";
		};
		1C896E7420F343D400130DAA /* FBhelper */ = {
			isa = PBXGroup;
			children = (
				1C26ED8820FEE16B00EA7AD2 /* API */,
				1C26ED7D20FDD3BD00EA7AD2 /* View */,
				1C26ED7520FDC2D800EA7AD2 /* Model */,
				1C4D230B20F73BE500FCBFC5 /* Resources */,
				1C1CAAA620F5D0380058FE7D /* Libs */,
				1C896EAA20F3447A00130DAA /* ViewController */,
				1C896EA320F343FC00130DAA /* Framework */,
				1C896E7520F343D400130DAA /* AppDelegate.swift */,
				1C896E7C20F343D500130DAA /* Assets.xcassets */,
				1C896E7E20F343D500130DAA /* LaunchScreen.storyboard */,
				1C896E8120F343D500130DAA /* Info.plist */,
				1CE9005720F5FC500082D3B9 /* FBhelper-Bridging-Header.h */,
			);
			path = FBhelper;
			sourceTree = "<group>";
		};
		1C896E8920F343D500130DAA /* FBhelperTests */ = {
			isa = PBXGroup;
			children = (
				1C896E8A20F343D500130DAA /* FBhelperTests.swift */,
				1C896E8C20F343D500130DAA /* Info.plist */,
			);
			path = FBhelperTests;
			sourceTree = "<group>";
		};
		1C896E9420F343D500130DAA /* FBhelperUITests */ = {
			isa = PBXGroup;
			children = (
				1C896E9520F343D500130DAA /* FBhelperUITests.swift */,
				1C896E9720F343D500130DAA /* Info.plist */,
			);
			path = FBhelperUITests;
			sourceTree = "<group>";
		};
		1C896EA320F343FC00130DAA /* Framework */ = {
			isa = PBXGroup;
			children = (
				1C896EA620F3441500130DAA /* Bolts.framework */,
				1C896EA420F3441400130DAA /* FBSDKCoreKit.framework */,
				1C896EA520F3441500130DAA /* FBSDKLoginKit.framework */,
			);
			path = Framework;
			sourceTree = "<group>";
		};
		1C896EAA20F3447A00130DAA /* ViewController */ = {
			isa = PBXGroup;
			children = (
				1C1CAAA120F5A37A0058FE7D /* LiveViewController */,
				1C896EAB20F3447A00130DAA /* LoginViewController */,
				1C26ED8420FEE0BB00EA7AD2 /* ChatViewController.swift */,
				1C26ED8520FEE0BB00EA7AD2 /* ChatViewController.xib */,
			);
			path = ViewController;
			sourceTree = "<group>";
		};
		1C896EAB20F3447A00130DAA /* LoginViewController */ = {
			isa = PBXGroup;
			children = (
				1C896EAC20F3447A00130DAA /* LoginViewController.swift */,
				1C896EAD20F3447A00130DAA /* LoginViewController.xib */,
			);
			path = LoginViewController;
			sourceTree = "<group>";
		};
		2914C3E1CE457D40E84C81C5 /* Frameworks */ = {
			isa = PBXGroup;
			children = (
				D201FA260BB2866FCD35BE2C /* libPods-FBhelper.a */,
			);
			name = Frameworks;
			sourceTree = "<group>";
		};
		E7EF0D3CD218D310F0A1C7F4 /* Pods */ = {
			isa = PBXGroup;
			children = (
				A21A0FBADDDD577D9B0DF4AA /* Pods-FBhelper.debug.xcconfig */,
				481422170C71D9B16418D9DF /* Pods-FBhelper.release.xcconfig */,
			);
			name = Pods;
			sourceTree = "<group>";
		};
/* End PBXGroup section */

/* Begin PBXNativeTarget section */
		1C896E7120F343D400130DAA /* FBhelper */ = {
			isa = PBXNativeTarget;
			buildConfigurationList = 1C896E9A20F343D500130DAA /* Build configuration list for PBXNativeTarget "FBhelper" */;
			buildPhases = (
				7C96F889550C0EDB2C2310B6 /* [CP] Check Pods Manifest.lock */,
				1C896E6E20F343D400130DAA /* Sources */,
				1C896E6F20F343D400130DAA /* Frameworks */,
				1C896E7020F343D400130DAA /* Resources */,
			);
			buildRules = (
			);
			dependencies = (
			);
			name = FBhelper;
			productName = FBhelper;
			productReference = 1C896E7220F343D400130DAA /* FBhelper.app */;
			productType = "com.apple.product-type.application";
		};
		1C896E8520F343D500130DAA /* FBhelperTests */ = {
			isa = PBXNativeTarget;
			buildConfigurationList = 1C896E9D20F343D500130DAA /* Build configuration list for PBXNativeTarget "FBhelperTests" */;
			buildPhases = (
				1C896E8220F343D500130DAA /* Sources */,
				1C896E8320F343D500130DAA /* Frameworks */,
				1C896E8420F343D500130DAA /* Resources */,
			);
			buildRules = (
			);
			dependencies = (
				1C896E8820F343D500130DAA /* PBXTargetDependency */,
			);
			name = FBhelperTests;
			productName = FBhelperTests;
			productReference = 1C896E8620F343D500130DAA /* FBhelperTests.xctest */;
			productType = "com.apple.product-type.bundle.unit-test";
		};
		1C896E9020F343D500130DAA /* FBhelperUITests */ = {
			isa = PBXNativeTarget;
			buildConfigurationList = 1C896EA020F343D500130DAA /* Build configuration list for PBXNativeTarget "FBhelperUITests" */;
			buildPhases = (
				1C896E8D20F343D500130DAA /* Sources */,
				1C896E8E20F343D500130DAA /* Frameworks */,
				1C896E8F20F343D500130DAA /* Resources */,
			);
			buildRules = (
			);
			dependencies = (
				1C896E9320F343D500130DAA /* PBXTargetDependency */,
			);
			name = FBhelperUITests;
			productName = FBhelperUITests;
			productReference = 1C896E9120F343D500130DAA /* FBhelperUITests.xctest */;
			productType = "com.apple.product-type.bundle.ui-testing";
		};
/* End PBXNativeTarget section */

/* Begin PBXProject section */
		1C896E6A20F343D400130DAA /* Project object */ = {
			isa = PBXProject;
			attributes = {
				LastSwiftUpdateCheck = 0940;
				LastUpgradeCheck = 0940;
				ORGANIZATIONNAME = Taco;
				TargetAttributes = {
					1C896E7120F343D400130DAA = {
						CreatedOnToolsVersion = 9.4.1;
						LastSwiftMigration = 0940;
					};
					1C896E8520F343D500130DAA = {
						CreatedOnToolsVersion = 9.4.1;
						TestTargetID = 1C896E7120F343D400130DAA;
					};
					1C896E9020F343D500130DAA = {
						CreatedOnToolsVersion = 9.4.1;
						TestTargetID = 1C896E7120F343D400130DAA;
					};
				};
			};
			buildConfigurationList = 1C896E6D20F343D400130DAA /* Build configuration list for PBXProject "FBhelper" */;
			compatibilityVersion = "Xcode 9.3";
			developmentRegion = en;
			hasScannedForEncodings = 0;
			knownRegions = (
				en,
				Base,
			);
			mainGroup = 1C896E6920F343D400130DAA;
			productRefGroup = 1C896E7320F343D400130DAA /* Products */;
			projectDirPath = "";
			projectRoot = "";
			targets = (
				1C896E7120F343D400130DAA /* FBhelper */,
				1C896E8520F343D500130DAA /* FBhelperTests */,
				1C896E9020F343D500130DAA /* FBhelperUITests */,
			);
		};
/* End PBXProject section */

/* Begin PBXResourcesBuildPhase section */
		1C896E7020F343D400130DAA /* Resources */ = {
			isa = PBXResourcesBuildPhase;
			buildActionMask = 2147483647;
			files = (
				1C896EAF20F3447A00130DAA /* LoginViewController.xib in Resources */,
				1C896E8020F343D500130DAA /* LaunchScreen.storyboard in Resources */,
				1C26ED8E20FF296A00EA7AD2 /* TestScoketCommentTableViewCell.xib in Resources */,
				1C26ED8720FEE0BB00EA7AD2 /* ChatViewController.xib in Resources */,
				1C1CAAA520F5AEBD0058FE7D /* LiveViewController.xib in Resources */,
				1C26ED8320FDD57C00EA7AD2 /* FBLiveTableViewCell.xib in Resources */,
				1C4D230D20F73BF400FCBFC5 /* testMark.png in Resources */,
				1C896E7D20F343D500130DAA /* Assets.xcassets in Resources */,
			);
			runOnlyForDeploymentPostprocessing = 0;
		};
		1C896E8420F343D500130DAA /* Resources */ = {
			isa = PBXResourcesBuildPhase;
			buildActionMask = 2147483647;
			files = (
			);
			runOnlyForDeploymentPostprocessing = 0;
		};
		1C896E8F20F343D500130DAA /* Resources */ = {
			isa = PBXResourcesBuildPhase;
			buildActionMask = 2147483647;
			files = (
			);
			runOnlyForDeploymentPostprocessing = 0;
		};
/* End PBXResourcesBuildPhase section */

/* Begin PBXShellScriptBuildPhase section */
		7C96F889550C0EDB2C2310B6 /* [CP] Check Pods Manifest.lock */ = {
			isa = PBXShellScriptBuildPhase;
			buildActionMask = 2147483647;
			files = (
			);
			inputPaths = (
				"${PODS_PODFILE_DIR_PATH}/Podfile.lock",
				"${PODS_ROOT}/Manifest.lock",
			);
			name = "[CP] Check Pods Manifest.lock";
			outputPaths = (
				"$(DERIVED_FILE_DIR)/Pods-FBhelper-checkManifestLockResult.txt",
			);
			runOnlyForDeploymentPostprocessing = 0;
			shellPath = /bin/sh;
			shellScript = "diff \"${PODS_PODFILE_DIR_PATH}/Podfile.lock\" \"${PODS_ROOT}/Manifest.lock\" > /dev/null\nif [ $? != 0 ] ; then\n    # print error to STDERR\n    echo \"error: The sandbox is not in sync with the Podfile.lock. Run 'pod install' or update your CocoaPods installation.\" >&2\n    exit 1\nfi\n# This output is used by Xcode 'outputs' to avoid re-running this script phase.\necho \"SUCCESS\" > \"${SCRIPT_OUTPUT_FILE_0}\"\n";
			showEnvVarsInLog = 0;
		};
/* End PBXShellScriptBuildPhase section */

/* Begin PBXSourcesBuildPhase section */
		1C896E6E20F343D400130DAA /* Sources */ = {
			isa = PBXSourcesBuildPhase;
			buildActionMask = 2147483647;
			files = (
				1C1CAAA920F5D0540058FE7D /* FBLiveAPI.swift in Sources */,
				1C26ED7B20FDC33800EA7AD2 /* FBComment.swift in Sources */,
				1C896EAE20F3447A00130DAA /* LoginViewController.swift in Sources */,
				1C1CAAA420F5AEBD0058FE7D /* LiveViewController.swift in Sources */,
				1C26ED7A20FDC33800EA7AD2 /* FBCommentUser.swift in Sources */,
				1C26ED8D20FF296A00EA7AD2 /* TestScoketCommentTableViewCell.swift in Sources */,
				1C26ED7C20FDC33800EA7AD2 /* FBCommentSwiftBase.swift in Sources */,
				1C26ED8A20FF105300EA7AD2 /* CommentObject.swift in Sources */,
				1C896E7620F343D400130DAA /* AppDelegate.swift in Sources */,
				1C26ED8620FEE0BB00EA7AD2 /* ChatViewController.swift in Sources */,
				1C26ED8220FDD57C00EA7AD2 /* FBLiveTableViewCell.swift in Sources */,
			);
			runOnlyForDeploymentPostprocessing = 0;
		};
		1C896E8220F343D500130DAA /* Sources */ = {
			isa = PBXSourcesBuildPhase;
			buildActionMask = 2147483647;
			files = (
				1C896E8B20F343D500130DAA /* FBhelperTests.swift in Sources */,
			);
			runOnlyForDeploymentPostprocessing = 0;
		};
		1C896E8D20F343D500130DAA /* Sources */ = {
			isa = PBXSourcesBuildPhase;
			buildActionMask = 2147483647;
			files = (
				1C896E9620F343D500130DAA /* FBhelperUITests.swift in Sources */,
			);
			runOnlyForDeploymentPostprocessing = 0;
		};
/* End PBXSourcesBuildPhase section */

/* Begin PBXTargetDependency section */
		1C896E8820F343D500130DAA /* PBXTargetDependency */ = {
			isa = PBXTargetDependency;
			target = 1C896E7120F343D400130DAA /* FBhelper */;
			targetProxy = 1C896E8720F343D500130DAA /* PBXContainerItemProxy */;
		};
		1C896E9320F343D500130DAA /* PBXTargetDependency */ = {
			isa = PBXTargetDependency;
			target = 1C896E7120F343D400130DAA /* FBhelper */;
			targetProxy = 1C896E9220F343D500130DAA /* PBXContainerItemProxy */;
		};
/* End PBXTargetDependency section */

/* Begin PBXVariantGroup section */
		1C896E7E20F343D500130DAA /* LaunchScreen.storyboard */ = {
			isa = PBXVariantGroup;
			children = (
				1C896E7F20F343D500130DAA /* Base */,
			);
			name = LaunchScreen.storyboard;
			sourceTree = "<group>";
		};
/* End PBXVariantGroup section */

/* Begin XCBuildConfiguration section */
		1C896E9820F343D500130DAA /* Debug */ = {
			isa = XCBuildConfiguration;
			buildSettings = {
				ALWAYS_SEARCH_USER_PATHS = NO;
				CLANG_ANALYZER_NONNULL = YES;
				CLANG_ANALYZER_NUMBER_OBJECT_CONVERSION = YES_AGGRESSIVE;
				CLANG_CXX_LANGUAGE_STANDARD = "gnu++14";
				CLANG_CXX_LIBRARY = "libc++";
				CLANG_ENABLE_MODULES = YES;
				CLANG_ENABLE_OBJC_ARC = YES;
				CLANG_ENABLE_OBJC_WEAK = YES;
				CLANG_WARN_BLOCK_CAPTURE_AUTORELEASING = YES;
				CLANG_WARN_BOOL_CONVERSION = YES;
				CLANG_WARN_COMMA = YES;
				CLANG_WARN_CONSTANT_CONVERSION = YES;
				CLANG_WARN_DEPRECATED_OBJC_IMPLEMENTATIONS = YES;
				CLANG_WARN_DIRECT_OBJC_ISA_USAGE = YES_ERROR;
				CLANG_WARN_DOCUMENTATION_COMMENTS = YES;
				CLANG_WARN_EMPTY_BODY = YES;
				CLANG_WARN_ENUM_CONVERSION = YES;
				CLANG_WARN_INFINITE_RECURSION = YES;
				CLANG_WARN_INT_CONVERSION = YES;
				CLANG_WARN_NON_LITERAL_NULL_CONVERSION = YES;
				CLANG_WARN_OBJC_IMPLICIT_RETAIN_SELF = YES;
				CLANG_WARN_OBJC_LITERAL_CONVERSION = YES;
				CLANG_WARN_OBJC_ROOT_CLASS = YES_ERROR;
				CLANG_WARN_RANGE_LOOP_ANALYSIS = YES;
				CLANG_WARN_STRICT_PROTOTYPES = YES;
				CLANG_WARN_SUSPICIOUS_MOVE = YES;
				CLANG_WARN_UNGUARDED_AVAILABILITY = YES_AGGRESSIVE;
				CLANG_WARN_UNREACHABLE_CODE = YES;
				CLANG_WARN__DUPLICATE_METHOD_MATCH = YES;
				CODE_SIGN_IDENTITY = "iPhone Developer";
				COPY_PHASE_STRIP = NO;
				DEBUG_INFORMATION_FORMAT = dwarf;
				ENABLE_STRICT_OBJC_MSGSEND = YES;
				ENABLE_TESTABILITY = YES;
				GCC_C_LANGUAGE_STANDARD = gnu11;
				GCC_DYNAMIC_NO_PIC = NO;
				GCC_NO_COMMON_BLOCKS = YES;
				GCC_OPTIMIZATION_LEVEL = 0;
				GCC_PREPROCESSOR_DEFINITIONS = (
					"DEBUG=1",
					"$(inherited)",
				);
				GCC_WARN_64_TO_32_BIT_CONVERSION = YES;
				GCC_WARN_ABOUT_RETURN_TYPE = YES_ERROR;
				GCC_WARN_UNDECLARED_SELECTOR = YES;
				GCC_WARN_UNINITIALIZED_AUTOS = YES_AGGRESSIVE;
				GCC_WARN_UNUSED_FUNCTION = YES;
				GCC_WARN_UNUSED_VARIABLE = YES;
				HEADER_SEARCH_PATHS = "";
				IPHONEOS_DEPLOYMENT_TARGET = 10.0;
				MTL_ENABLE_DEBUG_INFO = YES;
				ONLY_ACTIVE_ARCH = YES;
				SDKROOT = iphoneos;
				SWIFT_ACTIVE_COMPILATION_CONDITIONS = DEBUG;
				SWIFT_OPTIMIZATION_LEVEL = "-Onone";
			};
			name = Debug;
		};
		1C896E9920F343D500130DAA /* Release */ = {
			isa = XCBuildConfiguration;
			buildSettings = {
				ALWAYS_SEARCH_USER_PATHS = NO;
				CLANG_ANALYZER_NONNULL = YES;
				CLANG_ANALYZER_NUMBER_OBJECT_CONVERSION = YES_AGGRESSIVE;
				CLANG_CXX_LANGUAGE_STANDARD = "gnu++14";
				CLANG_CXX_LIBRARY = "libc++";
				CLANG_ENABLE_MODULES = YES;
				CLANG_ENABLE_OBJC_ARC = YES;
				CLANG_ENABLE_OBJC_WEAK = YES;
				CLANG_WARN_BLOCK_CAPTURE_AUTORELEASING = YES;
				CLANG_WARN_BOOL_CONVERSION = YES;
				CLANG_WARN_COMMA = YES;
				CLANG_WARN_CONSTANT_CONVERSION = YES;
				CLANG_WARN_DEPRECATED_OBJC_IMPLEMENTATIONS = YES;
				CLANG_WARN_DIRECT_OBJC_ISA_USAGE = YES_ERROR;
				CLANG_WARN_DOCUMENTATION_COMMENTS = YES;
				CLANG_WARN_EMPTY_BODY = YES;
				CLANG_WARN_ENUM_CONVERSION = YES;
				CLANG_WARN_INFINITE_RECURSION = YES;
				CLANG_WARN_INT_CONVERSION = YES;
				CLANG_WARN_NON_LITERAL_NULL_CONVERSION = YES;
				CLANG_WARN_OBJC_IMPLICIT_RETAIN_SELF = YES;
				CLANG_WARN_OBJC_LITERAL_CONVERSION = YES;
				CLANG_WARN_OBJC_ROOT_CLASS = YES_ERROR;
				CLANG_WARN_RANGE_LOOP_ANALYSIS = YES;
				CLANG_WARN_STRICT_PROTOTYPES = YES;
				CLANG_WARN_SUSPICIOUS_MOVE = YES;
				CLANG_WARN_UNGUARDED_AVAILABILITY = YES_AGGRESSIVE;
				CLANG_WARN_UNREACHABLE_CODE = YES;
				CLANG_WARN__DUPLICATE_METHOD_MATCH = YES;
				CODE_SIGN_IDENTITY = "iPhone Developer";
				COPY_PHASE_STRIP = NO;
				DEBUG_INFORMATION_FORMAT = "dwarf-with-dsym";
				ENABLE_NS_ASSERTIONS = NO;
				ENABLE_STRICT_OBJC_MSGSEND = YES;
				GCC_C_LANGUAGE_STANDARD = gnu11;
				GCC_NO_COMMON_BLOCKS = YES;
				GCC_WARN_64_TO_32_BIT_CONVERSION = YES;
				GCC_WARN_ABOUT_RETURN_TYPE = YES_ERROR;
				GCC_WARN_UNDECLARED_SELECTOR = YES;
				GCC_WARN_UNINITIALIZED_AUTOS = YES_AGGRESSIVE;
				GCC_WARN_UNUSED_FUNCTION = YES;
				GCC_WARN_UNUSED_VARIABLE = YES;
				HEADER_SEARCH_PATHS = "";
				IPHONEOS_DEPLOYMENT_TARGET = 10.0;
				MTL_ENABLE_DEBUG_INFO = NO;
				SDKROOT = iphoneos;
				SWIFT_COMPILATION_MODE = wholemodule;
				SWIFT_OPTIMIZATION_LEVEL = "-O";
				VALIDATE_PRODUCT = YES;
			};
			name = Release;
		};
		1C896E9B20F343D500130DAA /* Debug */ = {
			isa = XCBuildConfiguration;
			baseConfigurationReference = A21A0FBADDDD577D9B0DF4AA /* Pods-FBhelper.debug.xcconfig */;
			buildSettings = {
				ASSETCATALOG_COMPILER_APPICON_NAME = AppIcon;
				CLANG_ENABLE_MODULES = YES;
				CODE_SIGN_STYLE = Automatic;
				DEVELOPMENT_TEAM = 38NNR32FF6;
				FRAMEWORK_SEARCH_PATHS = (
					"$(inherited)",
					"$(PROJECT_DIR)/FBhelper/Framework",
				);
				HEADER_SEARCH_PATHS = (
					"$(inherited)",
					"${PODS_ROOT}/boost",
					"\"${PODS_ROOT}/boost\"",
					"\"${PODS_ROOT}/Headers/Public\"/**",
					"\"${PODS_ROOT}/Headers/Public/UriParser-cpp\"",
					"\"${PODS_ROOT}/Headers/Public/VideoCore\"",
					"\"${PODS_ROOT}/Headers/Public/glm\"",
				);
				INFOPLIST_FILE = FBhelper/Info.plist;
				IPHONEOS_DEPLOYMENT_TARGET = 10.0;
				LD_RUNPATH_SEARCH_PATHS = (
					"$(inherited)",
					"@executable_path/Frameworks",
				);
				PRODUCT_BUNDLE_IDENTIFIER = YLC.FBhelper;
				PRODUCT_NAME = "$(TARGET_NAME)";
				SWIFT_OBJC_BRIDGING_HEADER = "FBhelper/FBhelper-Bridging-Header.h";
				SWIFT_OPTIMIZATION_LEVEL = "-Onone";
				SWIFT_VERSION = 4.0;
				TARGETED_DEVICE_FAMILY = "1,2";
				USER_HEADER_SEARCH_PATHS = "${PODS_ROOT}/VideoCore/api/iOS/**";
			};
			name = Debug;
		};
		1C896E9C20F343D500130DAA /* Release */ = {
			isa = XCBuildConfiguration;
			baseConfigurationReference = 481422170C71D9B16418D9DF /* Pods-FBhelper.release.xcconfig */;
			buildSettings = {
				ASSETCATALOG_COMPILER_APPICON_NAME = AppIcon;
				CLANG_ENABLE_MODULES = YES;
				CODE_SIGN_STYLE = Automatic;
				DEVELOPMENT_TEAM = 38NNR32FF6;
				FRAMEWORK_SEARCH_PATHS = (
					"$(inherited)",
					"$(PROJECT_DIR)/FBhelper/Framework",
				);
				HEADER_SEARCH_PATHS = (
					"$(inherited)",
					"${PODS_ROOT}/boost",
					"\"${PODS_ROOT}/boost\"",
					"\"${PODS_ROOT}/Headers/Public\"/**",
					"\"${PODS_ROOT}/Headers/Public/UriParser-cpp\"",
					"\"${PODS_ROOT}/Headers/Public/VideoCore\"",
					"\"${PODS_ROOT}/Headers/Public/glm\"",
				);
				INFOPLIST_FILE = FBhelper/Info.plist;
				IPHONEOS_DEPLOYMENT_TARGET = 10.0;
				LD_RUNPATH_SEARCH_PATHS = (
					"$(inherited)",
					"@executable_path/Frameworks",
				);
				PRODUCT_BUNDLE_IDENTIFIER = YLC.FBhelper;
				PRODUCT_NAME = "$(TARGET_NAME)";
				SWIFT_OBJC_BRIDGING_HEADER = "FBhelper/FBhelper-Bridging-Header.h";
				SWIFT_VERSION = 4.0;
				TARGETED_DEVICE_FAMILY = "1,2";
				USER_HEADER_SEARCH_PATHS = "${PODS_ROOT}/VideoCore/api/iOS/**";
			};
			name = Release;
		};
		1C896E9E20F343D500130DAA /* Debug */ = {
			isa = XCBuildConfiguration;
			buildSettings = {
				ALWAYS_EMBED_SWIFT_STANDARD_LIBRARIES = YES;
				BUNDLE_LOADER = "$(TEST_HOST)";
				CODE_SIGN_STYLE = Automatic;
				INFOPLIST_FILE = FBhelperTests/Info.plist;
				LD_RUNPATH_SEARCH_PATHS = (
					"$(inherited)",
					"@executable_path/Frameworks",
					"@loader_path/Frameworks",
				);
				PRODUCT_BUNDLE_IDENTIFIER = YLC.FBhelperTests;
				PRODUCT_NAME = "$(TARGET_NAME)";
				SWIFT_VERSION = 4.0;
				TARGETED_DEVICE_FAMILY = "1,2";
				TEST_HOST = "$(BUILT_PRODUCTS_DIR)/FBhelper.app/FBhelper";
			};
			name = Debug;
		};
		1C896E9F20F343D500130DAA /* Release */ = {
			isa = XCBuildConfiguration;
			buildSettings = {
				ALWAYS_EMBED_SWIFT_STANDARD_LIBRARIES = YES;
				BUNDLE_LOADER = "$(TEST_HOST)";
				CODE_SIGN_STYLE = Automatic;
				INFOPLIST_FILE = FBhelperTests/Info.plist;
				LD_RUNPATH_SEARCH_PATHS = (
					"$(inherited)",
					"@executable_path/Frameworks",
					"@loader_path/Frameworks",
				);
				PRODUCT_BUNDLE_IDENTIFIER = YLC.FBhelperTests;
				PRODUCT_NAME = "$(TARGET_NAME)";
				SWIFT_VERSION = 4.0;
				TARGETED_DEVICE_FAMILY = "1,2";
				TEST_HOST = "$(BUILT_PRODUCTS_DIR)/FBhelper.app/FBhelper";
			};
			name = Release;
		};
		1C896EA120F343D500130DAA /* Debug */ = {
			isa = XCBuildConfiguration;
			buildSettings = {
				ALWAYS_EMBED_SWIFT_STANDARD_LIBRARIES = YES;
				CODE_SIGN_STYLE = Automatic;
				INFOPLIST_FILE = FBhelperUITests/Info.plist;
				LD_RUNPATH_SEARCH_PATHS = (
					"$(inherited)",
					"@executable_path/Frameworks",
					"@loader_path/Frameworks",
				);
				PRODUCT_BUNDLE_IDENTIFIER = YLC.FBhelperUITests;
				PRODUCT_NAME = "$(TARGET_NAME)";
				SWIFT_VERSION = 4.0;
				TARGETED_DEVICE_FAMILY = "1,2";
				TEST_TARGET_NAME = FBhelper;
			};
			name = Debug;
		};
		1C896EA220F343D500130DAA /* Release */ = {
			isa = XCBuildConfiguration;
			buildSettings = {
				ALWAYS_EMBED_SWIFT_STANDARD_LIBRARIES = YES;
				CODE_SIGN_STYLE = Automatic;
				INFOPLIST_FILE = FBhelperUITests/Info.plist;
				LD_RUNPATH_SEARCH_PATHS = (
					"$(inherited)",
					"@executable_path/Frameworks",
					"@loader_path/Frameworks",
				);
				PRODUCT_BUNDLE_IDENTIFIER = YLC.FBhelperUITests;
				PRODUCT_NAME = "$(TARGET_NAME)";
				SWIFT_VERSION = 4.0;
				TARGETED_DEVICE_FAMILY = "1,2";
				TEST_TARGET_NAME = FBhelper;
			};
			name = Release;
		};
/* End XCBuildConfiguration section */

/* Begin XCConfigurationList section */
		1C896E6D20F343D400130DAA /* Build configuration list for PBXProject "FBhelper" */ = {
			isa = XCConfigurationList;
			buildConfigurations = (
				1C896E9820F343D500130DAA /* Debug */,
				1C896E9920F343D500130DAA /* Release */,
			);
			defaultConfigurationIsVisible = 0;
			defaultConfigurationName = Release;
		};
		1C896E9A20F343D500130DAA /* Build configuration list for PBXNativeTarget "FBhelper" */ = {
			isa = XCConfigurationList;
			buildConfigurations = (
				1C896E9B20F343D500130DAA /* Debug */,
				1C896E9C20F343D500130DAA /* Release */,
			);
			defaultConfigurationIsVisible = 0;
			defaultConfigurationName = Release;
		};
		1C896E9D20F343D500130DAA /* Build configuration list for PBXNativeTarget "FBhelperTests" */ = {
			isa = XCConfigurationList;
			buildConfigurations = (
				1C896E9E20F343D500130DAA /* Debug */,
				1C896E9F20F343D500130DAA /* Release */,
			);
			defaultConfigurationIsVisible = 0;
			defaultConfigurationName = Release;
		};
		1C896EA020F343D500130DAA /* Build configuration list for PBXNativeTarget "FBhelperUITests" */ = {
			isa = XCConfigurationList;
			buildConfigurations = (
				1C896EA120F343D500130DAA /* Debug */,
				1C896EA220F343D500130DAA /* Release */,
			);
			defaultConfigurationIsVisible = 0;
			defaultConfigurationName = Release;
		};
/* End XCConfigurationList section */
	};
	rootObject = 1C896E6A20F343D400130DAA /* Project object */;
}
